// !$*UTF8*$!
{
	archiveVersion = 1;
	classes = {
	};
	objectVersion = 48;
	objects = {

/* Begin PBXBuildFile section */
		485A5670202088C500BECD56 /* NotificationService.swift in Sources */ = {isa = PBXBuildFile; fileRef = 485A566F202088C500BECD56 /* NotificationService.swift */; };
		485A5674202088C500BECD56 /* AweConfPushNotification.appex in Embed App Extensions */ = {isa = PBXBuildFile; fileRef = 485A566D202088C400BECD56 /* AweConfPushNotification.appex */; settings = {ATTRIBUTES = (RemoveHeadersOnCopy, ); }; };
		4879DEFF2020760300CBDC14 /* AppDelegate.swift in Sources */ = {isa = PBXBuildFile; fileRef = 4879DEFE2020760300CBDC14 /* AppDelegate.swift */; };
		4879DF012020760300CBDC14 /* ViewController.swift in Sources */ = {isa = PBXBuildFile; fileRef = 4879DF002020760300CBDC14 /* ViewController.swift */; };
		4879DF042020760300CBDC14 /* Main.storyboard in Resources */ = {isa = PBXBuildFile; fileRef = 4879DF022020760300CBDC14 /* Main.storyboard */; };
		4879DF062020760300CBDC14 /* Assets.xcassets in Resources */ = {isa = PBXBuildFile; fileRef = 4879DF052020760300CBDC14 /* Assets.xcassets */; };
		4879DF092020760300CBDC14 /* LaunchScreen.storyboard in Resources */ = {isa = PBXBuildFile; fileRef = 4879DF072020760300CBDC14 /* LaunchScreen.storyboard */; };
		86ED9B67447CC8C8DAD8F036 /* Pods_AweConf.framework in Frameworks */ = {isa = PBXBuildFile; fileRef = BFAA6F4BA9FE442EC25C2962 /* Pods_AweConf.framework */; };
/* End PBXBuildFile section */

/* Begin PBXContainerItemProxy section */
		485A5672202088C500BECD56 /* PBXContainerItemProxy */ = {
			isa = PBXContainerItemProxy;
			containerPortal = 4879DEF32020760300CBDC14 /* Project object */;
			proxyType = 1;
			remoteGlobalIDString = 485A566C202088C400BECD56;
			remoteInfo = AweConfPushNotification;
		};
/* End PBXContainerItemProxy section */

/* Begin PBXCopyFilesBuildPhase section */
		485A5678202088C500BECD56 /* Embed App Extensions */ = {
			isa = PBXCopyFilesBuildPhase;
			buildActionMask = 2147483647;
			dstPath = "";
			dstSubfolderSpec = 13;
			files = (
				485A5674202088C500BECD56 /* AweConfPushNotification.appex in Embed App Extensions */,
			);
			name = "Embed App Extensions";
			runOnlyForDeploymentPostprocessing = 0;
		};
/* End PBXCopyFilesBuildPhase section */

/* Begin PBXFileReference section */
		485A566D202088C400BECD56 /* AweConfPushNotification.appex */ = {isa = PBXFileReference; explicitFileType = "wrapper.app-extension"; includeInIndex = 0; path = AweConfPushNotification.appex; sourceTree = BUILT_PRODUCTS_DIR; };
		485A566F202088C500BECD56 /* NotificationService.swift */ = {isa = PBXFileReference; lastKnownFileType = sourcecode.swift; path = NotificationService.swift; sourceTree = "<group>"; };
		485A5671202088C500BECD56 /* Info.plist */ = {isa = PBXFileReference; lastKnownFileType = text.plist.xml; path = Info.plist; sourceTree = "<group>"; };
		485A56792020899A00BECD56 /* AweConf.entitlements */ = {isa = PBXFileReference; lastKnownFileType = text.plist.entitlements; path = AweConf.entitlements; sourceTree = "<group>"; };
		4879DEFB2020760300CBDC14 /* AweConf.app */ = {isa = PBXFileReference; explicitFileType = wrapper.application; includeInIndex = 0; path = AweConf.app; sourceTree = BUILT_PRODUCTS_DIR; };
		4879DEFE2020760300CBDC14 /* AppDelegate.swift */ = {isa = PBXFileReference; lastKnownFileType = sourcecode.swift; path = AppDelegate.swift; sourceTree = "<group>"; };
		4879DF002020760300CBDC14 /* ViewController.swift */ = {isa = PBXFileReference; lastKnownFileType = sourcecode.swift; path = ViewController.swift; sourceTree = "<group>"; };
		4879DF032020760300CBDC14 /* Base */ = {isa = PBXFileReference; lastKnownFileType = file.storyboard; name = Base; path = Base.lproj/Main.storyboard; sourceTree = "<group>"; };
		4879DF052020760300CBDC14 /* Assets.xcassets */ = {isa = PBXFileReference; lastKnownFileType = folder.assetcatalog; path = Assets.xcassets; sourceTree = "<group>"; };
		4879DF082020760300CBDC14 /* Base */ = {isa = PBXFileReference; lastKnownFileType = file.storyboard; name = Base; path = Base.lproj/LaunchScreen.storyboard; sourceTree = "<group>"; };
		4879DF0A2020760300CBDC14 /* Info.plist */ = {isa = PBXFileReference; lastKnownFileType = text.plist.xml; path = Info.plist; sourceTree = "<group>"; };
		87DD1910A2C8A1FC7F00935A /* Pods-AweConf.debug.xcconfig */ = {isa = PBXFileReference; includeInIndex = 1; lastKnownFileType = text.xcconfig; name = "Pods-AweConf.debug.xcconfig"; path = "Pods/Target Support Files/Pods-AweConf/Pods-AweConf.debug.xcconfig"; sourceTree = "<group>"; };
		BFAA6F4BA9FE442EC25C2962 /* Pods_AweConf.framework */ = {isa = PBXFileReference; explicitFileType = wrapper.framework; includeInIndex = 0; path = Pods_AweConf.framework; sourceTree = BUILT_PRODUCTS_DIR; };
		C371C60C1AA95F1C4344E675 /* Pods-AweConf.release.xcconfig */ = {isa = PBXFileReference; includeInIndex = 1; lastKnownFileType = text.xcconfig; name = "Pods-AweConf.release.xcconfig"; path = "Pods/Target Support Files/Pods-AweConf/Pods-AweConf.release.xcconfig"; sourceTree = "<group>"; };
/* End PBXFileReference section */

/* Begin PBXFrameworksBuildPhase section */
		485A566A202088C400BECD56 /* Frameworks */ = {
			isa = PBXFrameworksBuildPhase;
			buildActionMask = 2147483647;
			files = (
			);
			runOnlyForDeploymentPostprocessing = 0;
		};
		4879DEF82020760300CBDC14 /* Frameworks */ = {
			isa = PBXFrameworksBuildPhase;
			buildActionMask = 2147483647;
			files = (
				86ED9B67447CC8C8DAD8F036 /* Pods_AweConf.framework in Frameworks */,
			);
			runOnlyForDeploymentPostprocessing = 0;
		};
/* End PBXFrameworksBuildPhase section */

/* Begin PBXGroup section */
		2F6D83B17D7B7518A918A19E /* Frameworks */ = {
			isa = PBXGroup;
			children = (
				BFAA6F4BA9FE442EC25C2962 /* Pods_AweConf.framework */,
			);
			name = Frameworks;
			sourceTree = "<group>";
		};
		485A566E202088C500BECD56 /* AweConfPushNotification */ = {
			isa = PBXGroup;
			children = (
				485A566F202088C500BECD56 /* NotificationService.swift */,
				485A5671202088C500BECD56 /* Info.plist */,
			);
			path = AweConfPushNotification;
			sourceTree = "<group>";
		};
		4879DEF22020760300CBDC14 = {
			isa = PBXGroup;
			children = (
				4879DEFD2020760300CBDC14 /* AweConf */,
				485A566E202088C500BECD56 /* AweConfPushNotification */,
				4879DEFC2020760300CBDC14 /* Products */,
				CBB5F3457E863D9E6E8E6298 /* Pods */,
				2F6D83B17D7B7518A918A19E /* Frameworks */,
			);
			sourceTree = "<group>";
		};
		4879DEFC2020760300CBDC14 /* Products */ = {
			isa = PBXGroup;
			children = (
				4879DEFB2020760300CBDC14 /* AweConf.app */,
				485A566D202088C400BECD56 /* AweConfPushNotification.appex */,
			);
			name = Products;
			sourceTree = "<group>";
		};
		4879DEFD2020760300CBDC14 /* AweConf */ = {
			isa = PBXGroup;
			children = (
				485A56792020899A00BECD56 /* AweConf.entitlements */,
				4879DEFE2020760300CBDC14 /* AppDelegate.swift */,
				4879DF002020760300CBDC14 /* ViewController.swift */,
				4879DF022020760300CBDC14 /* Main.storyboard */,
				4879DF052020760300CBDC14 /* Assets.xcassets */,
				4879DF072020760300CBDC14 /* LaunchScreen.storyboard */,
				4879DF0A2020760300CBDC14 /* Info.plist */,
			);
			path = AweConf;
			sourceTree = "<group>";
		};
		CBB5F3457E863D9E6E8E6298 /* Pods */ = {
			isa = PBXGroup;
			children = (
				87DD1910A2C8A1FC7F00935A /* Pods-AweConf.debug.xcconfig */,
				C371C60C1AA95F1C4344E675 /* Pods-AweConf.release.xcconfig */,
			);
			name = Pods;
			sourceTree = "<group>";
		};
/* End PBXGroup section */

/* Begin PBXNativeTarget section */
		485A566C202088C400BECD56 /* AweConfPushNotification */ = {
			isa = PBXNativeTarget;
			buildConfigurationList = 485A5675202088C500BECD56 /* Build configuration list for PBXNativeTarget "AweConfPushNotification" */;
			buildPhases = (
				485A5669202088C400BECD56 /* Sources */,
				485A566A202088C400BECD56 /* Frameworks */,
				485A566B202088C400BECD56 /* Resources */,
			);
			buildRules = (
			);
			dependencies = (
			);
			name = AweConfPushNotification;
			productName = AweConfPushNotification;
			productReference = 485A566D202088C400BECD56 /* AweConfPushNotification.appex */;
			productType = "com.apple.product-type.app-extension";
		};
		4879DEFA2020760300CBDC14 /* AweConf */ = {
			isa = PBXNativeTarget;
			buildConfigurationList = 4879DF0D2020760300CBDC14 /* Build configuration list for PBXNativeTarget "AweConf" */;
			buildPhases = (
				B525F287DE8ACDCB36CF0593 /* [CP] Check Pods Manifest.lock */,
				4879DEF72020760300CBDC14 /* Sources */,
				4879DEF82020760300CBDC14 /* Frameworks */,
				4879DEF92020760300CBDC14 /* Resources */,
				714258D7FDB1A15E45453E9F /* [CP] Embed Pods Frameworks */,
				E5856CDD89CE0F0ABFA6EC77 /* [CP] Copy Pods Resources */,
				485A5678202088C500BECD56 /* Embed App Extensions */,
			);
			buildRules = (
			);
			dependencies = (
				485A5673202088C500BECD56 /* PBXTargetDependency */,
			);
			name = AweConf;
			productName = AweConf;
			productReference = 4879DEFB2020760300CBDC14 /* AweConf.app */;
			productType = "com.apple.product-type.application";
		};
/* End PBXNativeTarget section */

/* Begin PBXProject section */
		4879DEF32020760300CBDC14 /* Project object */ = {
			isa = PBXProject;
			attributes = {
				LastSwiftUpdateCheck = 0920;
				LastUpgradeCheck = 0920;
				ORGANIZATIONNAME = "Matteo Crippa";
				TargetAttributes = {
					485A566C202088C400BECD56 = {
						CreatedOnToolsVersion = 9.2;
						ProvisioningStyle = Automatic;
					};
					4879DEFA2020760300CBDC14 = {
						CreatedOnToolsVersion = 9.2;
						ProvisioningStyle = Automatic;
						SystemCapabilities = {
							com.apple.BackgroundModes = {
								enabled = 1;
							};
							com.apple.Push = {
								enabled = 1;
							};
						};
					};
				};
			};
			buildConfigurationList = 4879DEF62020760300CBDC14 /* Build configuration list for PBXProject "AweConf" */;
			compatibilityVersion = "Xcode 8.0";
			developmentRegion = en;
			hasScannedForEncodings = 0;
			knownRegions = (
				en,
				Base,
			);
			mainGroup = 4879DEF22020760300CBDC14;
			productRefGroup = 4879DEFC2020760300CBDC14 /* Products */;
			projectDirPath = "";
			projectRoot = "";
			targets = (
				4879DEFA2020760300CBDC14 /* AweConf */,
				485A566C202088C400BECD56 /* AweConfPushNotification */,
			);
		};
/* End PBXProject section */

/* Begin PBXResourcesBuildPhase section */
		485A566B202088C400BECD56 /* Resources */ = {
			isa = PBXResourcesBuildPhase;
			buildActionMask = 2147483647;
			files = (
			);
			runOnlyForDeploymentPostprocessing = 0;
		};
		4879DEF92020760300CBDC14 /* Resources */ = {
			isa = PBXResourcesBuildPhase;
			buildActionMask = 2147483647;
			files = (
				4879DF092020760300CBDC14 /* LaunchScreen.storyboard in Resources */,
				4879DF062020760300CBDC14 /* Assets.xcassets in Resources */,
				4879DF042020760300CBDC14 /* Main.storyboard in Resources */,
			);
			runOnlyForDeploymentPostprocessing = 0;
		};
/* End PBXResourcesBuildPhase section */

/* Begin PBXShellScriptBuildPhase section */
		714258D7FDB1A15E45453E9F /* [CP] Embed Pods Frameworks */ = {
			isa = PBXShellScriptBuildPhase;
			buildActionMask = 2147483647;
			files = (
			);
			inputPaths = (
				"${SRCROOT}/Pods/Target Support Files/Pods-AweConf/Pods-AweConf-frameworks.sh",
				"${BUILT_PRODUCTS_DIR}/Alamofire/Alamofire.framework",
				"${BUILT_PRODUCTS_DIR}/Exteptional/Exteptional.framework",
				"${BUILT_PRODUCTS_DIR}/SwiftDate/SwiftDate.framework",
			);
			name = "[CP] Embed Pods Frameworks";
			outputPaths = (
				"${TARGET_BUILD_DIR}/${FRAMEWORKS_FOLDER_PATH}/Alamofire.framework",
				"${TARGET_BUILD_DIR}/${FRAMEWORKS_FOLDER_PATH}/Exteptional.framework",
				"${TARGET_BUILD_DIR}/${FRAMEWORKS_FOLDER_PATH}/SwiftDate.framework",
			);
			runOnlyForDeploymentPostprocessing = 0;
			shellPath = /bin/sh;
			shellScript = "\"${SRCROOT}/Pods/Target Support Files/Pods-AweConf/Pods-AweConf-frameworks.sh\"\n";
			showEnvVarsInLog = 0;
		};
		B525F287DE8ACDCB36CF0593 /* [CP] Check Pods Manifest.lock */ = {
			isa = PBXShellScriptBuildPhase;
			buildActionMask = 2147483647;
			files = (
			);
			inputPaths = (
				"${PODS_PODFILE_DIR_PATH}/Podfile.lock",
				"${PODS_ROOT}/Manifest.lock",
			);
			name = "[CP] Check Pods Manifest.lock";
			outputPaths = (
				"$(DERIVED_FILE_DIR)/Pods-AweConf-checkManifestLockResult.txt",
			);
			runOnlyForDeploymentPostprocessing = 0;
			shellPath = /bin/sh;
			shellScript = "diff \"${PODS_PODFILE_DIR_PATH}/Podfile.lock\" \"${PODS_ROOT}/Manifest.lock\" > /dev/null\nif [ $? != 0 ] ; then\n    # print error to STDERR\n    echo \"error: The sandbox is not in sync with the Podfile.lock. Run 'pod install' or update your CocoaPods installation.\" >&2\n    exit 1\nfi\n# This output is used by Xcode 'outputs' to avoid re-running this script phase.\necho \"SUCCESS\" > \"${SCRIPT_OUTPUT_FILE_0}\"\n";
			showEnvVarsInLog = 0;
		};
		E5856CDD89CE0F0ABFA6EC77 /* [CP] Copy Pods Resources */ = {
			isa = PBXShellScriptBuildPhase;
			buildActionMask = 2147483647;
			files = (
			);
			inputPaths = (
			);
			name = "[CP] Copy Pods Resources";
			outputPaths = (
			);
			runOnlyForDeploymentPostprocessing = 0;
			shellPath = /bin/sh;
			shellScript = "\"${SRCROOT}/Pods/Target Support Files/Pods-AweConf/Pods-AweConf-resources.sh\"\n";
			showEnvVarsInLog = 0;
		};
/* End PBXShellScriptBuildPhase section */

/* Begin PBXSourcesBuildPhase section */
		485A5669202088C400BECD56 /* Sources */ = {
			isa = PBXSourcesBuildPhase;
			buildActionMask = 2147483647;
			files = (
				485A5670202088C500BECD56 /* NotificationService.swift in Sources */,
			);
			runOnlyForDeploymentPostprocessing = 0;
		};
		4879DEF72020760300CBDC14 /* Sources */ = {
			isa = PBXSourcesBuildPhase;
			buildActionMask = 2147483647;
			files = (
				4879DF012020760300CBDC14 /* ViewController.swift in Sources */,
				4879DEFF2020760300CBDC14 /* AppDelegate.swift in Sources */,
			);
			runOnlyForDeploymentPostprocessing = 0;
		};
/* End PBXSourcesBuildPhase section */

/* Begin PBXTargetDependency section */
		485A5673202088C500BECD56 /* PBXTargetDependency */ = {
			isa = PBXTargetDependency;
			target = 485A566C202088C400BECD56 /* AweConfPushNotification */;
			targetProxy = 485A5672202088C500BECD56 /* PBXContainerItemProxy */;
		};
/* End PBXTargetDependency section */

/* Begin PBXVariantGroup section */
		4879DF022020760300CBDC14 /* Main.storyboard */ = {
			isa = PBXVariantGroup;
			children = (
				4879DF032020760300CBDC14 /* Base */,
			);
			name = Main.storyboard;
			sourceTree = "<group>";
		};
		4879DF072020760300CBDC14 /* LaunchScreen.storyboard */ = {
			isa = PBXVariantGroup;
			children = (
				4879DF082020760300CBDC14 /* Base */,
			);
			name = LaunchScreen.storyboard;
			sourceTree = "<group>";
		};
/* End PBXVariantGroup section */

/* Begin XCBuildConfiguration section */
		485A5676202088C500BECD56 /* Debug */ = {
			isa = XCBuildConfiguration;
			buildSettings = {
				CODE_SIGN_STYLE = Automatic;
				DEVELOPMENT_TEAM = F9FTQCB4H8;
				INFOPLIST_FILE = AweConfPushNotification/Info.plist;
				LD_RUNPATH_SEARCH_PATHS = "$(inherited) @executable_path/Frameworks @executable_path/../../Frameworks";
				PRODUCT_BUNDLE_IDENTIFIER = boostco.de.amc.notification;
				PRODUCT_NAME = "$(TARGET_NAME)";
				SKIP_INSTALL = YES;
				SWIFT_VERSION = 4.0;
				TARGETED_DEVICE_FAMILY = "1,2";
			};
			name = Debug;
		};
		485A5677202088C500BECD56 /* Release */ = {
			isa = XCBuildConfiguration;
			buildSettings = {
				CODE_SIGN_STYLE = Automatic;
				DEVELOPMENT_TEAM = F9FTQCB4H8;
				INFOPLIST_FILE = AweConfPushNotification/Info.plist;
				LD_RUNPATH_SEARCH_PATHS = "$(inherited) @executable_path/Frameworks @executable_path/../../Frameworks";
				PRODUCT_BUNDLE_IDENTIFIER = boostco.de.amc.notification;
				PRODUCT_NAME = "$(TARGET_NAME)";
				SKIP_INSTALL = YES;
				SWIFT_VERSION = 4.0;
				TARGETED_DEVICE_FAMILY = "1,2";
			};
			name = Release;
		};
		4879DF0B2020760300CBDC14 /* Debug */ = {
			isa = XCBuildConfiguration;
			buildSettings = {
				ALWAYS_SEARCH_USER_PATHS = NO;
				CLANG_ANALYZER_NONNULL = YES;
				CLANG_ANALYZER_NUMBER_OBJECT_CONVERSION = YES_AGGRESSIVE;
				CLANG_CXX_LANGUAGE_STANDARD = "gnu++14";
				CLANG_CXX_LIBRARY = "libc++";
				CLANG_ENABLE_MODULES = YES;
				CLANG_ENABLE_OBJC_ARC = YES;
				CLANG_WARN_BLOCK_CAPTURE_AUTORELEASING = YES;
				CLANG_WARN_BOOL_CONVERSION = YES;
				CLANG_WARN_COMMA = YES;
				CLANG_WARN_CONSTANT_CONVERSION = YES;
				CLANG_WARN_DIRECT_OBJC_ISA_USAGE = YES_ERROR;
				CLANG_WARN_DOCUMENTATION_COMMENTS = YES;
				CLANG_WARN_EMPTY_BODY = YES;
				CLANG_WARN_ENUM_CONVERSION = YES;
				CLANG_WARN_INFINITE_RECURSION = YES;
				CLANG_WARN_INT_CONVERSION = YES;
				CLANG_WARN_NON_LITERAL_NULL_CONVERSION = YES;
				CLANG_WARN_OBJC_LITERAL_CONVERSION = YES;
				CLANG_WARN_OBJC_ROOT_CLASS = YES_ERROR;
				CLANG_WARN_RANGE_LOOP_ANALYSIS = YES;
				CLANG_WARN_STRICT_PROTOTYPES = YES;
				CLANG_WARN_SUSPICIOUS_MOVE = YES;
				CLANG_WARN_UNGUARDED_AVAILABILITY = YES_AGGRESSIVE;
				CLANG_WARN_UNREACHABLE_CODE = YES;
				CLANG_WARN__DUPLICATE_METHOD_MATCH = YES;
				CODE_SIGN_IDENTITY = "iPhone Developer";
				COPY_PHASE_STRIP = NO;
				DEBUG_INFORMATION_FORMAT = dwarf;
				ENABLE_STRICT_OBJC_MSGSEND = YES;
				ENABLE_TESTABILITY = YES;
				GCC_C_LANGUAGE_STANDARD = gnu11;
				GCC_DYNAMIC_NO_PIC = NO;
				GCC_NO_COMMON_BLOCKS = YES;
				GCC_OPTIMIZATION_LEVEL = 0;
				GCC_PREPROCESSOR_DEFINITIONS = (
					"DEBUG=1",
					"$(inherited)",
				);
				GCC_WARN_64_TO_32_BIT_CONVERSION = YES;
				GCC_WARN_ABOUT_RETURN_TYPE = YES_ERROR;
				GCC_WARN_UNDECLARED_SELECTOR = YES;
				GCC_WARN_UNINITIALIZED_AUTOS = YES_AGGRESSIVE;
				GCC_WARN_UNUSED_FUNCTION = YES;
				GCC_WARN_UNUSED_VARIABLE = YES;
				IPHONEOS_DEPLOYMENT_TARGET = 11.2;
				MTL_ENABLE_DEBUG_INFO = YES;
				ONLY_ACTIVE_ARCH = YES;
				SDKROOT = iphoneos;
				SWIFT_ACTIVE_COMPILATION_CONDITIONS = DEBUG;
				SWIFT_OPTIMIZATION_LEVEL = "-Onone";
			};
			name = Debug;
		};
		4879DF0C2020760300CBDC14 /* Release */ = {
			isa = XCBuildConfiguration;
			buildSettings = {
				ALWAYS_SEARCH_USER_PATHS = NO;
				CLANG_ANALYZER_NONNULL = YES;
				CLANG_ANALYZER_NUMBER_OBJECT_CONVERSION = YES_AGGRESSIVE;
				CLANG_CXX_LANGUAGE_STANDARD = "gnu++14";
				CLANG_CXX_LIBRARY = "libc++";
				CLANG_ENABLE_MODULES = YES;
				CLANG_ENABLE_OBJC_ARC = YES;
				CLANG_WARN_BLOCK_CAPTURE_AUTORELEASING = YES;
				CLANG_WARN_BOOL_CONVERSION = YES;
				CLANG_WARN_COMMA = YES;
				CLANG_WARN_CONSTANT_CONVERSION = YES;
				CLANG_WARN_DIRECT_OBJC_ISA_USAGE = YES_ERROR;
				CLANG_WARN_DOCUMENTATION_COMMENTS = YES;
				CLANG_WARN_EMPTY_BODY = YES;
				CLANG_WARN_ENUM_CONVERSION = YES;
				CLANG_WARN_INFINITE_RECURSION = YES;
				CLANG_WARN_INT_CONVERSION = YES;
				CLANG_WARN_NON_LITERAL_NULL_CONVERSION = YES;
				CLANG_WARN_OBJC_LITERAL_CONVERSION = YES;
				CLANG_WARN_OBJC_ROOT_CLASS = YES_ERROR;
				CLANG_WARN_RANGE_LOOP_ANALYSIS = YES;
				CLANG_WARN_STRICT_PROTOTYPES = YES;
				CLANG_WARN_SUSPICIOUS_MOVE = YES;
				CLANG_WARN_UNGUARDED_AVAILABILITY = YES_AGGRESSIVE;
				CLANG_WARN_UNREACHABLE_CODE = YES;
				CLANG_WARN__DUPLICATE_METHOD_MATCH = YES;
				CODE_SIGN_IDENTITY = "iPhone Developer";
				COPY_PHASE_STRIP = NO;
				DEBUG_INFORMATION_FORMAT = "dwarf-with-dsym";
				ENABLE_NS_ASSERTIONS = NO;
				ENABLE_STRICT_OBJC_MSGSEND = YES;
				GCC_C_LANGUAGE_STANDARD = gnu11;
				GCC_NO_COMMON_BLOCKS = YES;
				GCC_WARN_64_TO_32_BIT_CONVERSION = YES;
				GCC_WARN_ABOUT_RETURN_TYPE = YES_ERROR;
				GCC_WARN_UNDECLARED_SELECTOR = YES;
				GCC_WARN_UNINITIALIZED_AUTOS = YES_AGGRESSIVE;
				GCC_WARN_UNUSED_FUNCTION = YES;
				GCC_WARN_UNUSED_VARIABLE = YES;
				IPHONEOS_DEPLOYMENT_TARGET = 11.2;
				MTL_ENABLE_DEBUG_INFO = NO;
				SDKROOT = iphoneos;
				SWIFT_OPTIMIZATION_LEVEL = "-Owholemodule";
				VALIDATE_PRODUCT = YES;
			};
			name = Release;
		};
		4879DF0E2020760300CBDC14 /* Debug */ = {
			isa = XCBuildConfiguration;
			baseConfigurationReference = 87DD1910A2C8A1FC7F00935A /* Pods-AweConf.debug.xcconfig */;
			buildSettings = {
				ALWAYS_EMBED_SWIFT_STANDARD_LIBRARIES = YES;
				ASSETCATALOG_COMPILER_APPICON_NAME = AppIcon;
				CODE_SIGN_ENTITLEMENTS = AweConf/AweConf.entitlements;
				CODE_SIGN_STYLE = Automatic;
				DEVELOPMENT_TEAM = F9FTQCB4H8;
				INFOPLIST_FILE = AweConf/Info.plist;
				LD_RUNPATH_SEARCH_PATHS = "$(inherited) @executable_path/Frameworks";
				PRODUCT_BUNDLE_IDENTIFIER = boostco.de.amc;
				PRODUCT_NAME = "$(TARGET_NAME)";
				SWIFT_VERSION = 4.0;
				TARGETED_DEVICE_FAMILY = "1,2";
			};
			name = Debug;
		};
		4879DF0F2020760300CBDC14 /* Release */ = {
			isa = XCBuildConfiguration;
			baseConfigurationReference = C371C60C1AA95F1C4344E675 /* Pods-AweConf.release.xcconfig */;
			buildSettings = {
				ALWAYS_EMBED_SWIFT_STANDARD_LIBRARIES = YES;
				ASSETCATALOG_COMPILER_APPICON_NAME = AppIcon;
				CODE_SIGN_ENTITLEMENTS = AweConf/AweConf.entitlements;
				CODE_SIGN_STYLE = Automatic;
				DEVELOPMENT_TEAM = F9FTQCB4H8;
				INFOPLIST_FILE = AweConf/Info.plist;
				LD_RUNPATH_SEARCH_PATHS = "$(inherited) @executable_path/Frameworks";
				PRODUCT_BUNDLE_IDENTIFIER = boostco.de.amc;
				PRODUCT_NAME = "$(TARGET_NAME)";
				SWIFT_VERSION = 4.0;
				TARGETED_DEVICE_FAMILY = "1,2";
			};
			name = Release;
		};
/* End XCBuildConfiguration section */

/* Begin XCConfigurationList section */
		485A5675202088C500BECD56 /* Build configuration list for PBXNativeTarget "AweConfPushNotification" */ = {
			isa = XCConfigurationList;
			buildConfigurations = (
				485A5676202088C500BECD56 /* Debug */,
				485A5677202088C500BECD56 /* Release */,
			);
			defaultConfigurationIsVisible = 0;
			defaultConfigurationName = Release;
		};
		4879DEF62020760300CBDC14 /* Build configuration list for PBXProject "AweConf" */ = {
			isa = XCConfigurationList;
			buildConfigurations = (
				4879DF0B2020760300CBDC14 /* Debug */,
				4879DF0C2020760300CBDC14 /* Release */,
			);
			defaultConfigurationIsVisible = 0;
			defaultConfigurationName = Release;
		};
		4879DF0D2020760300CBDC14 /* Build configuration list for PBXNativeTarget "AweConf" */ = {
			isa = XCConfigurationList;
			buildConfigurations = (
				4879DF0E2020760300CBDC14 /* Debug */,
				4879DF0F2020760300CBDC14 /* Release */,
			);
			defaultConfigurationIsVisible = 0;
			defaultConfigurationName = Release;
		};
/* End XCConfigurationList section */
	};
	rootObject = 4879DEF32020760300CBDC14 /* Project object */;
}
